
Microsoft Visual Studio Solution File, Format Version 12.00
# Visual Studio Version 16
VisualStudioVersion = 16.0.30517.126
MinimumVisualStudioVersion = 10.0.40219.1
Project("{8BC9CEB8-8B4A-11D0-8D11-00A0C91BC942}") = "AISD_sem4_lab1", "AISD_sem4_lab1\AISD_sem4_lab1.vcxproj", "{8CFC07F8-84F4-4B64-80FA-2F09C1B44558}"
EndProject
Project("{8BC9CEB8-8B4A-11D0-8D11-00A0C91BC942}") = "RBTreeUnitTests", "RBTreeUnitTests\RBTreeUnitTests.vcxproj", "{41E7A9CD-D42B-4177-B75B-3D01F334BCFD}"
EndProject
Global
	GlobalSection(SolutionConfigurationPlatforms) = preSolution
		Debug|x64 = Debug|x64
		Debug|x86 = Debug|x86
		Release|x64 = Release|x64
		Release|x86 = Release|x86
	EndGlobalSection
	GlobalSection(ProjectConfigurationPlatforms) = postSolution
		{8CFC07F8-84F4-4B64-80FA-2F09C1B44558}.Debug|x64.ActiveCfg = Debug|x64
		{8CFC07F8-84F4-4B64-80FA-2F09C1B44558}.Debug|x64.Build.0 = Debug|x64
		{8CFC07F8-84F4-4B64-80FA-2F09C1B44558}.Debug|x86.ActiveCfg = Debug|Win32
		{8CFC07F8-84F4-4B64-80FA-2F09C1B44558}.Debug|x86.Build.0 = Debug|Win32
		{8CFC07F8-84F4-4B64-80FA-2F09C1B44558}.Release|x64.ActiveCfg = Release|x64
		{8CFC07F8-84F4-4B64-80FA-2F09C1B44558}.Release|x64.Build.0 = Release|x64
		{8CFC07F8-84F4-4B64-80FA-2F09C1B44558}.Release|x86.ActiveCfg = Release|Win32
		{8CFC07F8-84F4-4B64-80FA-2F09C1B44558}.Release|x86.Build.0 = Release|Win32
		{41E7A9CD-D42B-4177-B75B-3D01F334BCFD}.Debug|x64.ActiveCfg = Debug|x64
		{41E7A9CD-D42B-4177-B75B-3D01F334BCFD}.Debug|x64.Build.0 = Debug|x64
		{41E7A9CD-D42B-4177-B75B-3D01F334BCFD}.Debug|x86.ActiveCfg = Debug|Win32
		{41E7A9CD-D42B-4177-B75B-3D01F334BCFD}.Debug|x86.Build.0 = Debug|Win32
		{41E7A9CD-D42B-4177-B75B-3D01F334BCFD}.Release|x64.ActiveCfg = Release|x64
		{41E7A9CD-D42B-4177-B75B-3D01F334BCFD}.Release|x64.Build.0 = Release|x64
		{41E7A9CD-D42B-4177-B75B-3D01F334BCFD}.Release|x86.ActiveCfg = Release|Win32
		{41E7A9CD-D42B-4177-B75B-3D01F334BCFD}.Release|x86.Build.0 = Release|Win32
	EndGlobalSection
	GlobalSection(SolutionProperties) = preSolution
		HideSolutionNode = FALSE
	EndGlobalSection
	GlobalSection(ExtensibilityGlobals) = postSolution
		SolutionGuid = {FF573FFB-F208-4DE2-80F8-A6323F8F2875}
	EndGlobalSection
EndGlobal
